
Microsoft Visual Studio Solution File, Format Version 12.00
# Visual Studio 15
Project("{FAE04EC0-301F-11D3-BF4B-00C04F79EFBC}") = "Csharp_Thread", "Csharp_Thread\Csharp_Thread.csproj", "{CADB38CD-0CE3-4261-9A08-9A6308098F97}"
EndProject
Global
	GlobalSection(SolutionConfigurationPlatforms) = preSolution
		Debug|anycpu = Debug|anycpu
		Release|anycpu = Release|anycpu
	EndGlobalSection
	GlobalSection(ProjectConfigurationPlatforms) = postSolution
		{CADB38CD-0CE3-4261-9A08-9A6308098F97}.Debug|anycpu.ActiveCfg = Debug|anycpu
		{CADB38CD-0CE3-4261-9A08-9A6308098F97}.Debug|anycpu.Build.0 = Debug|anycpu
		{CADB38CD-0CE3-4261-9A08-9A6308098F97}.Release|anycpu.ActiveCfg = Release|anycpu
		{CADB38CD-0CE3-4261-9A08-9A6308098F97}.Release|anycpu.Build.0 = Release|anycpu
	EndGlobalSection
EndGlobal
