
Microsoft Visual Studio Solution File, Format Version 12.00
# Visual Studio 15
Project("{FAE04EC0-301F-11D3-BF4B-00C04F79EFBC}") = "Csharp_StringMethod", "Csharp_StringMethod\Csharp_StringMethod.csproj", "{8E643F87-884C-42EE-91F6-73E410EB7995}"
EndProject
Global
	GlobalSection(SolutionConfigurationPlatforms) = preSolution
		Debug|anycpu = Debug|anycpu
		Release|anycpu = Release|anycpu
	EndGlobalSection
	GlobalSection(ProjectConfigurationPlatforms) = postSolution
		{8E643F87-884C-42EE-91F6-73E410EB7995}.Debug|anycpu.ActiveCfg = Debug|anycpu
		{8E643F87-884C-42EE-91F6-73E410EB7995}.Debug|anycpu.Build.0 = Debug|anycpu
		{8E643F87-884C-42EE-91F6-73E410EB7995}.Release|anycpu.ActiveCfg = Release|anycpu
		{8E643F87-884C-42EE-91F6-73E410EB7995}.Release|anycpu.Build.0 = Release|anycpu
	EndGlobalSection
EndGlobal
