
Microsoft Visual Studio Solution File, Format Version 12.00
# Visual Studio 15
Project("{FAE04EC0-301F-11D3-BF4B-00C04F79EFBC}") = "Csharp_delegateAndevent", "Csharp_delegateAndevent\Csharp_delegateAndevent.csproj", "{3D6DF051-DAEC-4901-9BA3-7ABFE154293C}"
EndProject
Global
	GlobalSection(SolutionConfigurationPlatforms) = preSolution
		Debug|anycpu = Debug|anycpu
		Release|anycpu = Release|anycpu
	EndGlobalSection
	GlobalSection(ProjectConfigurationPlatforms) = postSolution
		{3D6DF051-DAEC-4901-9BA3-7ABFE154293C}.Debug|anycpu.ActiveCfg = Debug|anycpu
		{3D6DF051-DAEC-4901-9BA3-7ABFE154293C}.Debug|anycpu.Build.0 = Debug|anycpu
		{3D6DF051-DAEC-4901-9BA3-7ABFE154293C}.Release|anycpu.ActiveCfg = Release|anycpu
		{3D6DF051-DAEC-4901-9BA3-7ABFE154293C}.Release|anycpu.Build.0 = Release|anycpu
	EndGlobalSection
EndGlobal
