
Microsoft Visual Studio Solution File, Format Version 12.00
# Visual Studio 15
Project("{FAE04EC0-301F-11D3-BF4B-00C04F79EFBC}") = "Csharp_method", "Csharp_method\Csharp_method.csproj", "{651C8146-2C93-457D-B4EC-17DEA874AD36}"
EndProject
Global
	GlobalSection(SolutionConfigurationPlatforms) = preSolution
		Debug|anycpu = Debug|anycpu
		Release|anycpu = Release|anycpu
	EndGlobalSection
	GlobalSection(ProjectConfigurationPlatforms) = postSolution
		{651C8146-2C93-457D-B4EC-17DEA874AD36}.Debug|anycpu.ActiveCfg = Debug|anycpu
		{651C8146-2C93-457D-B4EC-17DEA874AD36}.Debug|anycpu.Build.0 = Debug|anycpu
		{651C8146-2C93-457D-B4EC-17DEA874AD36}.Release|anycpu.ActiveCfg = Release|anycpu
		{651C8146-2C93-457D-B4EC-17DEA874AD36}.Release|anycpu.Build.0 = Release|anycpu
	EndGlobalSection
EndGlobal
