
Microsoft Visual Studio Solution File, Format Version 12.00
# Visual Studio 15
Project("{FAE04EC0-301F-11D3-BF4B-00C04F79EFBC}") = "Csharp_LINQ", "Csharp_LINQ\Csharp_LINQ.csproj", "{51E81E40-04E3-4354-8135-4E1FB860253A}"
EndProject
Global
	GlobalSection(SolutionConfigurationPlatforms) = preSolution
		Debug|anycpu = Debug|anycpu
		Release|anycpu = Release|anycpu
	EndGlobalSection
	GlobalSection(ProjectConfigurationPlatforms) = postSolution
		{51E81E40-04E3-4354-8135-4E1FB860253A}.Debug|anycpu.ActiveCfg = Debug|anycpu
		{51E81E40-04E3-4354-8135-4E1FB860253A}.Debug|anycpu.Build.0 = Debug|anycpu
		{51E81E40-04E3-4354-8135-4E1FB860253A}.Release|anycpu.ActiveCfg = Release|anycpu
		{51E81E40-04E3-4354-8135-4E1FB860253A}.Release|anycpu.Build.0 = Release|anycpu
	EndGlobalSection
EndGlobal
